// !$*UTF8*$!
{
	archiveVersion = 1;
	classes = {
	};
	objectVersion = 56;
	objects = {

/* Begin PBXBuildFile section */
		1808B8CF6264CA1833AE5B74 /* Pods_Cryypt_Pro.framework in Frameworks */ = {isa = PBXBuildFile; fileRef = 686EE29BF10BFA1359468C62 /* Pods_Cryypt_Pro.framework */; };
		727A60172A78430300B49D29 /* SDWebImage in Frameworks */ = {isa = PBXBuildFile; productRef = 727A60162A78430300B49D29 /* SDWebImage */; };
		727A60192A78430300B49D29 /* SDWebImageMapKit in Frameworks */ = {isa = PBXBuildFile; productRef = 727A60182A78430300B49D29 /* SDWebImageMapKit */; };
		72BFAF142A64131800D8014E /* ViewCryptoController.swift in Sources */ = {isa = PBXBuildFile; fileRef = 72BFAF132A64131800D8014E /* ViewCryptoController.swift */; };
		72BFAF162A64257F00D8014E /* ViewCryptoControllerViewModel.swift in Sources */ = {isa = PBXBuildFile; fileRef = 72BFAF152A64257F00D8014E /* ViewCryptoControllerViewModel.swift */; };
		72BFAF182A64337A00D8014E /* CoinError.swift in Sources */ = {isa = PBXBuildFile; fileRef = 72BFAF172A64337A00D8014E /* CoinError.swift */; };
		72BFAF1A2A64481900D8014E /* HTTP.swift in Sources */ = {isa = PBXBuildFile; fileRef = 72BFAF192A64481900D8014E /* HTTP.swift */; };
		72BFAF1C2A644B2D00D8014E /* Endpoint.swift in Sources */ = {isa = PBXBuildFile; fileRef = 72BFAF1B2A644B2D00D8014E /* Endpoint.swift */; };
		72BFAF1E2A6475C500D8014E /* CoinService.swift in Sources */ = {isa = PBXBuildFile; fileRef = 72BFAF1D2A6475C500D8014E /* CoinService.swift */; };
		72BFAF202A647B3200D8014E /* HomeControllerViewModel.swift in Sources */ = {isa = PBXBuildFile; fileRef = 72BFAF1F2A647B3200D8014E /* HomeControllerViewModel.swift */; };
		72CD73912A63331800B7C308 /* AppDelegate.swift in Sources */ = {isa = PBXBuildFile; fileRef = 72CD73902A63331800B7C308 /* AppDelegate.swift */; };
		72CD73932A63331800B7C308 /* SceneDelegate.swift in Sources */ = {isa = PBXBuildFile; fileRef = 72CD73922A63331800B7C308 /* SceneDelegate.swift */; };
		72CD73952A63331800B7C308 /* HomeController.swift in Sources */ = {isa = PBXBuildFile; fileRef = 72CD73942A63331800B7C308 /* HomeController.swift */; };
		72CD739A2A63331A00B7C308 /* Assets.xcassets in Resources */ = {isa = PBXBuildFile; fileRef = 72CD73992A63331A00B7C308 /* Assets.xcassets */; };
		72CD739D2A63331A00B7C308 /* LaunchScreen.storyboard in Resources */ = {isa = PBXBuildFile; fileRef = 72CD739B2A63331A00B7C308 /* LaunchScreen.storyboard */; };
		72CD73AB2A63375400B7C308 /* Constants.swift in Sources */ = {isa = PBXBuildFile; fileRef = 72CD73AA2A63375400B7C308 /* Constants.swift */; };
		72CD73AD2A6338DB00B7C308 /* Coin.swift in Sources */ = {isa = PBXBuildFile; fileRef = 72CD73AC2A6338DB00B7C308 /* Coin.swift */; };
		72CD73AF2A633B7300B7C308 /* CoinCell.swift in Sources */ = {isa = PBXBuildFile; fileRef = 72CD73AE2A633B7300B7C308 /* CoinCell.swift */; };
/* End PBXBuildFile section */

/* Begin PBXFileReference section */
		4E1A19C969CA2F301F450517 /* Pods-Cryypt-Pro.debug.xcconfig */ = {isa = PBXFileReference; includeInIndex = 1; lastKnownFileType = text.xcconfig; name = "Pods-Cryypt-Pro.debug.xcconfig"; path = "Target Support Files/Pods-Cryypt-Pro/Pods-Cryypt-Pro.debug.xcconfig"; sourceTree = "<group>"; };
		686EE29BF10BFA1359468C62 /* Pods_Cryypt_Pro.framework */ = {isa = PBXFileReference; explicitFileType = wrapper.framework; includeInIndex = 0; path = Pods_Cryypt_Pro.framework; sourceTree = BUILT_PRODUCTS_DIR; };
		72BFAF132A64131800D8014E /* ViewCryptoController.swift */ = {isa = PBXFileReference; lastKnownFileType = sourcecode.swift; path = ViewCryptoController.swift; sourceTree = "<group>"; };
		72BFAF152A64257F00D8014E /* ViewCryptoControllerViewModel.swift */ = {isa = PBXFileReference; lastKnownFileType = sourcecode.swift; path = ViewCryptoControllerViewModel.swift; sourceTree = "<group>"; };
		72BFAF172A64337A00D8014E /* CoinError.swift */ = {isa = PBXFileReference; lastKnownFileType = sourcecode.swift; path = CoinError.swift; sourceTree = "<group>"; };
		72BFAF192A64481900D8014E /* HTTP.swift */ = {isa = PBXFileReference; lastKnownFileType = sourcecode.swift; path = HTTP.swift; sourceTree = "<group>"; };
		72BFAF1B2A644B2D00D8014E /* Endpoint.swift */ = {isa = PBXFileReference; lastKnownFileType = sourcecode.swift; path = Endpoint.swift; sourceTree = "<group>"; };
		72BFAF1D2A6475C500D8014E /* CoinService.swift */ = {isa = PBXFileReference; lastKnownFileType = sourcecode.swift; path = CoinService.swift; sourceTree = "<group>"; };
		72BFAF1F2A647B3200D8014E /* HomeControllerViewModel.swift */ = {isa = PBXFileReference; lastKnownFileType = sourcecode.swift; path = HomeControllerViewModel.swift; sourceTree = "<group>"; };
		72CD738D2A63331800B7C308 /* Cryypt-Pro.app */ = {isa = PBXFileReference; explicitFileType = wrapper.application; includeInIndex = 0; path = "Cryypt-Pro.app"; sourceTree = BUILT_PRODUCTS_DIR; };
		72CD73902A63331800B7C308 /* AppDelegate.swift */ = {isa = PBXFileReference; lastKnownFileType = sourcecode.swift; path = AppDelegate.swift; sourceTree = "<group>"; };
		72CD73922A63331800B7C308 /* SceneDelegate.swift */ = {isa = PBXFileReference; lastKnownFileType = sourcecode.swift; path = SceneDelegate.swift; sourceTree = "<group>"; };
		72CD73942A63331800B7C308 /* HomeController.swift */ = {isa = PBXFileReference; lastKnownFileType = sourcecode.swift; path = HomeController.swift; sourceTree = "<group>"; };
		72CD73992A63331A00B7C308 /* Assets.xcassets */ = {isa = PBXFileReference; lastKnownFileType = folder.assetcatalog; path = Assets.xcassets; sourceTree = "<group>"; };
		72CD739C2A63331A00B7C308 /* Base */ = {isa = PBXFileReference; lastKnownFileType = file.storyboard; name = Base; path = Base.lproj/LaunchScreen.storyboard; sourceTree = "<group>"; };
		72CD739E2A63331A00B7C308 /* Info.plist */ = {isa = PBXFileReference; lastKnownFileType = text.plist.xml; path = Info.plist; sourceTree = "<group>"; };
		72CD73AA2A63375400B7C308 /* Constants.swift */ = {isa = PBXFileReference; lastKnownFileType = sourcecode.swift; path = Constants.swift; sourceTree = "<group>"; };
		72CD73AC2A6338DB00B7C308 /* Coin.swift */ = {isa = PBXFileReference; lastKnownFileType = sourcecode.swift; path = Coin.swift; sourceTree = "<group>"; };
		72CD73AE2A633B7300B7C308 /* CoinCell.swift */ = {isa = PBXFileReference; lastKnownFileType = sourcecode.swift; path = CoinCell.swift; sourceTree = "<group>"; };
		73E338989E5AE73111519611 /* Pods-Cryypt-Pro.release.xcconfig */ = {isa = PBXFileReference; includeInIndex = 1; lastKnownFileType = text.xcconfig; name = "Pods-Cryypt-Pro.release.xcconfig"; path = "Target Support Files/Pods-Cryypt-Pro/Pods-Cryypt-Pro.release.xcconfig"; sourceTree = "<group>"; };
/* End PBXFileReference section */

/* Begin PBXFrameworksBuildPhase section */
		72CD738A2A63331800B7C308 /* Frameworks */ = {
			isa = PBXFrameworksBuildPhase;
			buildActionMask = 2147483647;
			files = (
				727A60192A78430300B49D29 /* SDWebImageMapKit in Frameworks */,
				727A60172A78430300B49D29 /* SDWebImage in Frameworks */,
				1808B8CF6264CA1833AE5B74 /* Pods_Cryypt_Pro.framework in Frameworks */,
			);
			runOnlyForDeploymentPostprocessing = 0;
		};
/* End PBXFrameworksBuildPhase section */

/* Begin PBXGroup section */
		0007CBD771C988B58A846053 /* Frameworks */ = {
			isa = PBXGroup;
			children = (
				686EE29BF10BFA1359468C62 /* Pods_Cryypt_Pro.framework */,
			);
			name = Frameworks;
			sourceTree = "<group>";
		};
		2E2A7EB9BA89A98B60C1FE29 /* Pods */ = {
			isa = PBXGroup;
			children = (
				4E1A19C969CA2F301F450517 /* Pods-Cryypt-Pro.debug.xcconfig */,
				73E338989E5AE73111519611 /* Pods-Cryypt-Pro.release.xcconfig */,
			);
			name = Pods;
			path = Pods;
			sourceTree = "<group>";
		};
		72CD73842A63331800B7C308 = {
			isa = PBXGroup;
			children = (
				72CD738F2A63331800B7C308 /* Cryypt-Pro */,
				72CD738E2A63331800B7C308 /* Products */,
				2E2A7EB9BA89A98B60C1FE29 /* Pods */,
				0007CBD771C988B58A846053 /* Frameworks */,
			);
			sourceTree = "<group>";
		};
		72CD738E2A63331800B7C308 /* Products */ = {
			isa = PBXGroup;
			children = (
				72CD738D2A63331800B7C308 /* Cryypt-Pro.app */,
			);
			name = Products;
			sourceTree = "<group>";
		};
		72CD738F2A63331800B7C308 /* Cryypt-Pro */ = {
			isa = PBXGroup;
			children = (
				72CD73A42A63352D00B7C308 /* API */,
				72CD73A52A63353300B7C308 /* Models */,
				72CD73A62A63353D00B7C308 /* Views */,
				72CD73A72A63354300B7C308 /* ViewModels */,
				72CD73A82A63354D00B7C308 /* Controlles */,
				72CD73A92A63355C00B7C308 /* Supporting */,
				72CD739E2A63331A00B7C308 /* Info.plist */,
			);
			path = "Cryypt-Pro";
			sourceTree = "<group>";
		};
		72CD73A42A63352D00B7C308 /* API */ = {
			isa = PBXGroup;
			children = (
				72BFAF192A64481900D8014E /* HTTP.swift */,
				72BFAF1B2A644B2D00D8014E /* Endpoint.swift */,
				72BFAF1D2A6475C500D8014E /* CoinService.swift */,
			);
			path = API;
			sourceTree = "<group>";
		};
		72CD73A52A63353300B7C308 /* Models */ = {
			isa = PBXGroup;
			children = (
				72CD73AC2A6338DB00B7C308 /* Coin.swift */,
				72BFAF172A64337A00D8014E /* CoinError.swift */,
			);
			path = Models;
			sourceTree = "<group>";
		};
		72CD73A62A63353D00B7C308 /* Views */ = {
			isa = PBXGroup;
			children = (
				72CD73AE2A633B7300B7C308 /* CoinCell.swift */,
			);
			path = Views;
			sourceTree = "<group>";
		};
		72CD73A72A63354300B7C308 /* ViewModels */ = {
			isa = PBXGroup;
			children = (
				72BFAF152A64257F00D8014E /* ViewCryptoControllerViewModel.swift */,
				72BFAF1F2A647B3200D8014E /* HomeControllerViewModel.swift */,
			);
			path = ViewModels;
			sourceTree = "<group>";
		};
		72CD73A82A63354D00B7C308 /* Controlles */ = {
			isa = PBXGroup;
			children = (
				72CD73942A63331800B7C308 /* HomeController.swift */,
				72BFAF132A64131800D8014E /* ViewCryptoController.swift */,
			);
			path = Controlles;
			sourceTree = "<group>";
		};
		72CD73A92A63355C00B7C308 /* Supporting */ = {
			isa = PBXGroup;
			children = (
				72CD73992A63331A00B7C308 /* Assets.xcassets */,
				72CD739B2A63331A00B7C308 /* LaunchScreen.storyboard */,
				72CD73902A63331800B7C308 /* AppDelegate.swift */,
				72CD73922A63331800B7C308 /* SceneDelegate.swift */,
				72CD73AA2A63375400B7C308 /* Constants.swift */,
			);
			path = Supporting;
			sourceTree = "<group>";
		};
/* End PBXGroup section */

/* Begin PBXNativeTarget section */
		72CD738C2A63331800B7C308 /* Cryypt-Pro */ = {
			isa = PBXNativeTarget;
			buildConfigurationList = 72CD73A12A63331A00B7C308 /* Build configuration list for PBXNativeTarget "Cryypt-Pro" */;
			buildPhases = (
				7C3B7ABD722553AC93AFF001 /* [CP] Check Pods Manifest.lock */,
				72CD73892A63331800B7C308 /* Sources */,
				72CD738A2A63331800B7C308 /* Frameworks */,
				72CD738B2A63331800B7C308 /* Resources */,
				47884F40CD1B88D01826C711 /* [CP] Embed Pods Frameworks */,
			);
			buildRules = (
			);
			dependencies = (
			);
			name = "Cryypt-Pro";
			packageProductDependencies = (
				727A60162A78430300B49D29 /* SDWebImage */,
				727A60182A78430300B49D29 /* SDWebImageMapKit */,
			);
			productName = "Cryypt-Pro";
			productReference = 72CD738D2A63331800B7C308 /* Cryypt-Pro.app */;
			productType = "com.apple.product-type.application";
		};
/* End PBXNativeTarget section */

/* Begin PBXProject section */
		72CD73852A63331800B7C308 /* Project object */ = {
			isa = PBXProject;
			attributes = {
				BuildIndependentTargetsInParallel = 1;
				LastSwiftUpdateCheck = 1430;
				LastUpgradeCheck = 1430;
				TargetAttributes = {
					72CD738C2A63331800B7C308 = {
						CreatedOnToolsVersion = 14.3.1;
					};
				};
			};
			buildConfigurationList = 72CD73882A63331800B7C308 /* Build configuration list for PBXProject "Cryypt-Pro" */;
			compatibilityVersion = "Xcode 14.0";
			developmentRegion = en;
			hasScannedForEncodings = 0;
			knownRegions = (
				en,
				Base,
			);
			mainGroup = 72CD73842A63331800B7C308;
			packageReferences = (
				727A60152A78430300B49D29 /* XCRemoteSwiftPackageReference "SDWebImage" */,
			);
			productRefGroup = 72CD738E2A63331800B7C308 /* Products */;
			projectDirPath = "";
			projectRoot = "";
			targets = (
				72CD738C2A63331800B7C308 /* Cryypt-Pro */,
			);
		};
/* End PBXProject section */

/* Begin PBXResourcesBuildPhase section */
		72CD738B2A63331800B7C308 /* Resources */ = {
			isa = PBXResourcesBuildPhase;
			buildActionMask = 2147483647;
			files = (
				72CD739D2A63331A00B7C308 /* LaunchScreen.storyboard in Resources */,
				72CD739A2A63331A00B7C308 /* Assets.xcassets in Resources */,
			);
			runOnlyForDeploymentPostprocessing = 0;
		};
/* End PBXResourcesBuildPhase section */

/* Begin PBXShellScriptBuildPhase section */
		47884F40CD1B88D01826C711 /* [CP] Embed Pods Frameworks */ = {
			isa = PBXShellScriptBuildPhase;
			buildActionMask = 2147483647;
			files = (
			);
			inputFileListPaths = (
				"${PODS_ROOT}/Target Support Files/Pods-Cryypt-Pro/Pods-Cryypt-Pro-frameworks-${CONFIGURATION}-input-files.xcfilelist",
			);
			name = "[CP] Embed Pods Frameworks";
			outputFileListPaths = (
				"${PODS_ROOT}/Target Support Files/Pods-Cryypt-Pro/Pods-Cryypt-Pro-frameworks-${CONFIGURATION}-output-files.xcfilelist",
			);
			runOnlyForDeploymentPostprocessing = 0;
			shellPath = /bin/sh;
			shellScript = "\"${PODS_ROOT}/Target Support Files/Pods-Cryypt-Pro/Pods-Cryypt-Pro-frameworks.sh\"\n";
			showEnvVarsInLog = 0;
		};
		7C3B7ABD722553AC93AFF001 /* [CP] Check Pods Manifest.lock */ = {
			isa = PBXShellScriptBuildPhase;
			buildActionMask = 2147483647;
			files = (
			);
			inputFileListPaths = (
			);
			inputPaths = (
				"${PODS_PODFILE_DIR_PATH}/Podfile.lock",
				"${PODS_ROOT}/Manifest.lock",
			);
			name = "[CP] Check Pods Manifest.lock";
			outputFileListPaths = (
			);
			outputPaths = (
				"$(DERIVED_FILE_DIR)/Pods-Cryypt-Pro-checkManifestLockResult.txt",
			);
			runOnlyForDeploymentPostprocessing = 0;
			shellPath = /bin/sh;
			shellScript = "diff \"${PODS_PODFILE_DIR_PATH}/Podfile.lock\" \"${PODS_ROOT}/Manifest.lock\" > /dev/null\nif [ $? != 0 ] ; then\n    # print error to STDERR\n    echo \"error: The sandbox is not in sync with the Podfile.lock. Run 'pod install' or update your CocoaPods installation.\" >&2\n    exit 1\nfi\n# This output is used by Xcode 'outputs' to avoid re-running this script phase.\necho \"SUCCESS\" > \"${SCRIPT_OUTPUT_FILE_0}\"\n";
			showEnvVarsInLog = 0;
		};
/* End PBXShellScriptBuildPhase section */

/* Begin PBXSourcesBuildPhase section */
		72CD73892A63331800B7C308 /* Sources */ = {
			isa = PBXSourcesBuildPhase;
			buildActionMask = 2147483647;
			files = (
				72CD73952A63331800B7C308 /* HomeController.swift in Sources */,
				72CD73912A63331800B7C308 /* AppDelegate.swift in Sources */,
				72BFAF162A64257F00D8014E /* ViewCryptoControllerViewModel.swift in Sources */,
				72CD73932A63331800B7C308 /* SceneDelegate.swift in Sources */,
				72BFAF142A64131800D8014E /* ViewCryptoController.swift in Sources */,
				72BFAF1A2A64481900D8014E /* HTTP.swift in Sources */,
				72BFAF182A64337A00D8014E /* CoinError.swift in Sources */,
				72CD73AD2A6338DB00B7C308 /* Coin.swift in Sources */,
				72BFAF202A647B3200D8014E /* HomeControllerViewModel.swift in Sources */,
				72CD73AF2A633B7300B7C308 /* CoinCell.swift in Sources */,
				72BFAF1C2A644B2D00D8014E /* Endpoint.swift in Sources */,
				72BFAF1E2A6475C500D8014E /* CoinService.swift in Sources */,
				72CD73AB2A63375400B7C308 /* Constants.swift in Sources */,
			);
			runOnlyForDeploymentPostprocessing = 0;
		};
/* End PBXSourcesBuildPhase section */

/* Begin PBXVariantGroup section */
		72CD739B2A63331A00B7C308 /* LaunchScreen.storyboard */ = {
			isa = PBXVariantGroup;
			children = (
				72CD739C2A63331A00B7C308 /* Base */,
			);
			name = LaunchScreen.storyboard;
			sourceTree = "<group>";
		};
/* End PBXVariantGroup section */

/* Begin XCBuildConfiguration section */
		72CD739F2A63331A00B7C308 /* Debug */ = {
			isa = XCBuildConfiguration;
			buildSettings = {
				ALWAYS_SEARCH_USER_PATHS = NO;
				CLANG_ANALYZER_NONNULL = YES;
				CLANG_ANALYZER_NUMBER_OBJECT_CONVERSION = YES_AGGRESSIVE;
				CLANG_CXX_LANGUAGE_STANDARD = "gnu++20";
				CLANG_ENABLE_MODULES = YES;
				CLANG_ENABLE_OBJC_ARC = YES;
				CLANG_ENABLE_OBJC_WEAK = YES;
				CLANG_WARN_BLOCK_CAPTURE_AUTORELEASING = YES;
				CLANG_WARN_BOOL_CONVERSION = YES;
				CLANG_WARN_COMMA = YES;
				CLANG_WARN_CONSTANT_CONVERSION = YES;
				CLANG_WARN_DEPRECATED_OBJC_IMPLEMENTATIONS = YES;
				CLANG_WARN_DIRECT_OBJC_ISA_USAGE = YES_ERROR;
				CLANG_WARN_DOCUMENTATION_COMMENTS = YES;
				CLANG_WARN_EMPTY_BODY = YES;
				CLANG_WARN_ENUM_CONVERSION = YES;
				CLANG_WARN_INFINITE_RECURSION = YES;
				CLANG_WARN_INT_CONVERSION = YES;
				CLANG_WARN_NON_LITERAL_NULL_CONVERSION = YES;
				CLANG_WARN_OBJC_IMPLICIT_RETAIN_SELF = YES;
				CLANG_WARN_OBJC_LITERAL_CONVERSION = YES;
				CLANG_WARN_OBJC_ROOT_CLASS = YES_ERROR;
				CLANG_WARN_QUOTED_INCLUDE_IN_FRAMEWORK_HEADER = YES;
				CLANG_WARN_RANGE_LOOP_ANALYSIS = YES;
				CLANG_WARN_STRICT_PROTOTYPES = YES;
				CLANG_WARN_SUSPICIOUS_MOVE = YES;
				CLANG_WARN_UNGUARDED_AVAILABILITY = YES_AGGRESSIVE;
				CLANG_WARN_UNREACHABLE_CODE = YES;
				CLANG_WARN__DUPLICATE_METHOD_MATCH = YES;
				COPY_PHASE_STRIP = NO;
				DEBUG_INFORMATION_FORMAT = dwarf;
				ENABLE_STRICT_OBJC_MSGSEND = YES;
				ENABLE_TESTABILITY = YES;
				GCC_C_LANGUAGE_STANDARD = gnu11;
				GCC_DYNAMIC_NO_PIC = NO;
				GCC_NO_COMMON_BLOCKS = YES;
				GCC_OPTIMIZATION_LEVEL = 0;
				GCC_PREPROCESSOR_DEFINITIONS = (
					"DEBUG=1",
					"$(inherited)",
				);
				GCC_WARN_64_TO_32_BIT_CONVERSION = YES;
				GCC_WARN_ABOUT_RETURN_TYPE = YES_ERROR;
				GCC_WARN_UNDECLARED_SELECTOR = YES;
				GCC_WARN_UNINITIALIZED_AUTOS = YES_AGGRESSIVE;
				GCC_WARN_UNUSED_FUNCTION = YES;
				GCC_WARN_UNUSED_VARIABLE = YES;
				IPHONEOS_DEPLOYMENT_TARGET = 16.4;
				MTL_ENABLE_DEBUG_INFO = INCLUDE_SOURCE;
				MTL_FAST_MATH = YES;
				ONLY_ACTIVE_ARCH = YES;
				SDKROOT = iphoneos;
				SWIFT_ACTIVE_COMPILATION_CONDITIONS = DEBUG;
				SWIFT_OPTIMIZATION_LEVEL = "-Onone";
			};
			name = Debug;
		};
		72CD73A02A63331A00B7C308 /* Release */ = {
			isa = XCBuildConfiguration;
			buildSettings = {
				ALWAYS_SEARCH_USER_PATHS = NO;
				CLANG_ANALYZER_NONNULL = YES;
				CLANG_ANALYZER_NUMBER_OBJECT_CONVERSION = YES_AGGRESSIVE;
				CLANG_CXX_LANGUAGE_STANDARD = "gnu++20";
				CLANG_ENABLE_MODULES = YES;
				CLANG_ENABLE_OBJC_ARC = YES;
				CLANG_ENABLE_OBJC_WEAK = YES;
				CLANG_WARN_BLOCK_CAPTURE_AUTORELEASING = YES;
				CLANG_WARN_BOOL_CONVERSION = YES;
				CLANG_WARN_COMMA = YES;
				CLANG_WARN_CONSTANT_CONVERSION = YES;
				CLANG_WARN_DEPRECATED_OBJC_IMPLEMENTATIONS = YES;
				CLANG_WARN_DIRECT_OBJC_ISA_USAGE = YES_ERROR;
				CLANG_WARN_DOCUMENTATION_COMMENTS = YES;
				CLANG_WARN_EMPTY_BODY = YES;
				CLANG_WARN_ENUM_CONVERSION = YES;
				CLANG_WARN_INFINITE_RECURSION = YES;
				CLANG_WARN_INT_CONVERSION = YES;
				CLANG_WARN_NON_LITERAL_NULL_CONVERSION = YES;
				CLANG_WARN_OBJC_IMPLICIT_RETAIN_SELF = YES;
				CLANG_WARN_OBJC_LITERAL_CONVERSION = YES;
				CLANG_WARN_OBJC_ROOT_CLASS = YES_ERROR;
				CLANG_WARN_QUOTED_INCLUDE_IN_FRAMEWORK_HEADER = YES;
				CLANG_WARN_RANGE_LOOP_ANALYSIS = YES;
				CLANG_WARN_STRICT_PROTOTYPES = YES;
				CLANG_WARN_SUSPICIOUS_MOVE = YES;
				CLANG_WARN_UNGUARDED_AVAILABILITY = YES_AGGRESSIVE;
				CLANG_WARN_UNREACHABLE_CODE = YES;
				CLANG_WARN__DUPLICATE_METHOD_MATCH = YES;
				COPY_PHASE_STRIP = NO;
				DEBUG_INFORMATION_FORMAT = "dwarf-with-dsym";
				ENABLE_NS_ASSERTIONS = NO;
				ENABLE_STRICT_OBJC_MSGSEND = YES;
				GCC_C_LANGUAGE_STANDARD = gnu11;
				GCC_NO_COMMON_BLOCKS = YES;
				GCC_WARN_64_TO_32_BIT_CONVERSION = YES;
				GCC_WARN_ABOUT_RETURN_TYPE = YES_ERROR;
				GCC_WARN_UNDECLARED_SELECTOR = YES;
				GCC_WARN_UNINITIALIZED_AUTOS = YES_AGGRESSIVE;
				GCC_WARN_UNUSED_FUNCTION = YES;
				GCC_WARN_UNUSED_VARIABLE = YES;
				IPHONEOS_DEPLOYMENT_TARGET = 16.4;
				MTL_ENABLE_DEBUG_INFO = NO;
				MTL_FAST_MATH = YES;
				SDKROOT = iphoneos;
				SWIFT_COMPILATION_MODE = wholemodule;
				SWIFT_OPTIMIZATION_LEVEL = "-O";
				VALIDATE_PRODUCT = YES;
			};
			name = Release;
		};
		72CD73A22A63331A00B7C308 /* Debug */ = {
			isa = XCBuildConfiguration;
			baseConfigurationReference = 4E1A19C969CA2F301F450517 /* Pods-Cryypt-Pro.debug.xcconfig */;
			buildSettings = {
				ASSETCATALOG_COMPILER_APPICON_NAME = AppIcon;
				ASSETCATALOG_COMPILER_GLOBAL_ACCENT_COLOR_NAME = AccentColor;
				CODE_SIGN_STYLE = Automatic;
				CURRENT_PROJECT_VERSION = 1;
				DEVELOPMENT_TEAM = KBSPP7G3CT;
				GENERATE_INFOPLIST_FILE = YES;
				INFOPLIST_FILE = "Cryypt-Pro/Info.plist";
				INFOPLIST_KEY_UIApplicationSupportsIndirectInputEvents = YES;
				INFOPLIST_KEY_UILaunchStoryboardName = LaunchScreen;
				INFOPLIST_KEY_UISupportedInterfaceOrientations_iPad = "UIInterfaceOrientationPortrait UIInterfaceOrientationPortraitUpsideDown UIInterfaceOrientationLandscapeLeft UIInterfaceOrientationLandscapeRight";
				INFOPLIST_KEY_UISupportedInterfaceOrientations_iPhone = "UIInterfaceOrientationPortrait UIInterfaceOrientationLandscapeLeft UIInterfaceOrientationLandscapeRight";
				IPHONEOS_DEPLOYMENT_TARGET = 16.4;
				LD_RUNPATH_SEARCH_PATHS = (
					"$(inherited)",
					"@executable_path/Frameworks",
				);
				MARKETING_VERSION = 1.0;
				PRODUCT_BUNDLE_IDENTIFIER = "tutorial.Cryypt-Pro";
				PRODUCT_NAME = "$(TARGET_NAME)";
				SWIFT_EMIT_LOC_STRINGS = YES;
				SWIFT_VERSION = 5.0;
				TARGETED_DEVICE_FAMILY = "1,2";
			};
			name = Debug;
		};
		72CD73A32A63331A00B7C308 /* Release */ = {
			isa = XCBuildConfiguration;
			baseConfigurationReference = 73E338989E5AE73111519611 /* Pods-Cryypt-Pro.release.xcconfig */;
			buildSettings = {
				ASSETCATALOG_COMPILER_APPICON_NAME = AppIcon;
				ASSETCATALOG_COMPILER_GLOBAL_ACCENT_COLOR_NAME = AccentColor;
				CODE_SIGN_STYLE = Automatic;
				CURRENT_PROJECT_VERSION = 1;
				DEVELOPMENT_TEAM = KBSPP7G3CT;
				GENERATE_INFOPLIST_FILE = YES;
				INFOPLIST_FILE = "Cryypt-Pro/Info.plist";
				INFOPLIST_KEY_UIApplicationSupportsIndirectInputEvents = YES;
				INFOPLIST_KEY_UILaunchStoryboardName = LaunchScreen;
				INFOPLIST_KEY_UISupportedInterfaceOrientations_iPad = "UIInterfaceOrientationPortrait UIInterfaceOrientationPortraitUpsideDown UIInterfaceOrientationLandscapeLeft UIInterfaceOrientationLandscapeRight";
				INFOPLIST_KEY_UISupportedInterfaceOrientations_iPhone = "UIInterfaceOrientationPortrait UIInterfaceOrientationLandscapeLeft UIInterfaceOrientationLandscapeRight";
				IPHONEOS_DEPLOYMENT_TARGET = 16.4;
				LD_RUNPATH_SEARCH_PATHS = (
					"$(inherited)",
					"@executable_path/Frameworks",
				);
				MARKETING_VERSION = 1.0;
				PRODUCT_BUNDLE_IDENTIFIER = "tutorial.Cryypt-Pro";
				PRODUCT_NAME = "$(TARGET_NAME)";
				SWIFT_EMIT_LOC_STRINGS = YES;
				SWIFT_VERSION = 5.0;
				TARGETED_DEVICE_FAMILY = "1,2";
			};
			name = Release;
		};
/* End XCBuildConfiguration section */

/* Begin XCConfigurationList section */
		72CD73882A63331800B7C308 /* Build configuration list for PBXProject "Cryypt-Pro" */ = {
			isa = XCConfigurationList;
			buildConfigurations = (
				72CD739F2A63331A00B7C308 /* Debug */,
				72CD73A02A63331A00B7C308 /* Release */,
			);
			defaultConfigurationIsVisible = 0;
			defaultConfigurationName = Release;
		};
		72CD73A12A63331A00B7C308 /* Build configuration list for PBXNativeTarget "Cryypt-Pro" */ = {
			isa = XCConfigurationList;
			buildConfigurations = (
				72CD73A22A63331A00B7C308 /* Debug */,
				72CD73A32A63331A00B7C308 /* Release */,
			);
			defaultConfigurationIsVisible = 0;
			defaultConfigurationName = Release;
		};
/* End XCConfigurationList section */

/* Begin XCRemoteSwiftPackageReference section */
		727A60152A78430300B49D29 /* XCRemoteSwiftPackageReference "SDWebImage" */ = {
			isa = XCRemoteSwiftPackageReference;
			repositoryURL = "https://github.com/SDWebImage/SDWebImage";
			requirement = {
				kind = upToNextMajorVersion;
				minimumVersion = 5.0.0;
			};
		};
/* End XCRemoteSwiftPackageReference section */

/* Begin XCSwiftPackageProductDependency section */
		727A60162A78430300B49D29 /* SDWebImage */ = {
			isa = XCSwiftPackageProductDependency;
			package = 727A60152A78430300B49D29 /* XCRemoteSwiftPackageReference "SDWebImage" */;
			productName = SDWebImage;
		};
		727A60182A78430300B49D29 /* SDWebImageMapKit */ = {
			isa = XCSwiftPackageProductDependency;
			package = 727A60152A78430300B49D29 /* XCRemoteSwiftPackageReference "SDWebImage" */;
			productName = SDWebImageMapKit;
		};
/* End XCSwiftPackageProductDependency section */
	};
	rootObject = 72CD73852A63331800B7C308 /* Project object */;
}
